
Microsoft Visual Studio Solution File, Format Version 12.00
# Visual Studio Version 17
VisualStudioVersion = 17.14.36511.14 d17.14
MinimumVisualStudioVersion = 10.0.40219.1
Project("{FAE04EC0-301F-11D3-BF4B-00C04F79EFBC}") = "Library", "Library\Library.csproj", "{D6320C77-052D-4AC8-802E-B7CCB01BC25E}"
EndProject
Global
	GlobalSection(SolutionConfigurationPlatforms) = preSolution
		Debug|Any CPU = Debug|Any CPU
		Release|Any CPU = Release|Any CPU
	EndGlobalSection
	GlobalSection(ProjectConfigurationPlatforms) = postSolution
		{D6320C77-052D-4AC8-802E-B7CCB01BC25E}.Debug|Any CPU.ActiveCfg = Debug|Any CPU
		{D6320C77-052D-4AC8-802E-B7CCB01BC25E}.Debug|Any CPU.Build.0 = Debug|Any CPU
		{D6320C77-052D-4AC8-802E-B7CCB01BC25E}.Release|Any CPU.ActiveCfg = Release|Any CPU
		{D6320C77-052D-4AC8-802E-B7CCB01BC25E}.Release|Any CPU.Build.0 = Release|Any CPU
	EndGlobalSection
	GlobalSection(SolutionProperties) = preSolution
		HideSolutionNode = FALSE
	EndGlobalSection
	GlobalSection(ExtensibilityGlobals) = postSolution
		SolutionGuid = {7B3E3D8E-949B-44DD-A67A-B7D8DA8F9BC2}
	EndGlobalSection
EndGlobal
